# This file is automatically @generated by Cargo.
# It is not intended for manual editing.
version = 4

[[package]]
name = "use-architecture"
version = "0.1.0"

[[package]]
name = "use-env-key"
version = "0.1.0"

[[package]]
name = "use-env-value"
version = "0.1.0"
dependencies = [
 "use-env-key",
]

[[package]]
name = "use-os"
version = "0.1.0"
dependencies = [
 "use-architecture",
 "use-env-key",
 "use-env-value",
 "use-os-family",
 "use-platform",
 "use-process-id",
 "use-process-status",
 "use-thread-id",
 "use-thread-name",
]

[[package]]
name = "use-os-family"
version = "0.1.0"

[[package]]
name = "use-platform"
version = "0.1.0"

[[package]]
name = "use-process-id"
version = "0.1.0"

[[package]]
name = "use-process-status"
version = "0.1.0"
dependencies = [
 "use-process-id",
]

[[package]]
name = "use-thread-id"
version = "0.1.0"

[[package]]
name = "use-thread-name"
version = "0.1.0"
